
Microsoft Visual Studio Solution File, Format Version 12.00
# Visual Studio 15
VisualStudioVersion = 15.0.28306.52
MinimumVisualStudioVersion = 10.0.40219.1
Project("{FAE04EC0-301F-11D3-BF4B-00C04F79EFBC}") = "Echo", "Echo\Echo.csproj", "{C1BBD7BB-E0E6-43A1-92E7-4830BADBB245}"
EndProject
Global
	GlobalSection(SolutionConfigurationPlatforms) = preSolution
		Debug|Any CPU = Debug|Any CPU
		Release|Any CPU = Release|Any CPU
	EndGlobalSection
	GlobalSection(ProjectConfigurationPlatforms) = postSolution
		{C1BBD7BB-E0E6-43A1-92E7-4830BADBB245}.Debug|Any CPU.ActiveCfg = Debug|Any CPU
		{C1BBD7BB-E0E6-43A1-92E7-4830BADBB245}.Debug|Any CPU.Build.0 = Debug|Any CPU
		{C1BBD7BB-E0E6-43A1-92E7-4830BADBB245}.Release|Any CPU.ActiveCfg = Release|Any CPU
		{C1BBD7BB-E0E6-43A1-92E7-4830BADBB245}.Release|Any CPU.Build.0 = Release|Any CPU
	EndGlobalSection
	GlobalSection(SolutionProperties) = preSolution
		HideSolutionNode = FALSE
	EndGlobalSection
	GlobalSection(ExtensibilityGlobals) = postSolution
		SolutionGuid = {9E964022-B312-4BED-A3F6-32E1E7E93618}
	EndGlobalSection
EndGlobal
